
Microsoft Visual Studio Solution File, Format Version 12.00
# Visual Studio 2015
Project("{FAE04EC0-301F-11D3-BF4B-00C04F79EFBC}") = "NomeProJect(17.01.21)-1", "NomeProJect(17.01.21)-1.csproj", "{18A744AE-7E7F-58AC-B183-F4C125C6023B}"
EndProject
Global
	GlobalSection(SolutionConfigurationPlatforms) = preSolution
		Debug|Any CPU = Debug|Any CPU
		Release|Any CPU = Release|Any CPU
	EndGlobalSection
	GlobalSection(ProjectConfigurationPlatforms) = postSolution
		{18A744AE-7E7F-58AC-B183-F4C125C6023B}.Debug|Any CPU.ActiveCfg = Debug|Any CPU
		{18A744AE-7E7F-58AC-B183-F4C125C6023B}.Debug|Any CPU.Build.0 = Debug|Any CPU
		{18A744AE-7E7F-58AC-B183-F4C125C6023B}.Release|Any CPU.ActiveCfg = Release|Any CPU
		{18A744AE-7E7F-58AC-B183-F4C125C6023B}.Release|Any CPU.Build.0 = Release|Any CPU
	EndGlobalSection
	GlobalSection(SolutionProperties) = preSolution
		HideSolutionNode = FALSE
	EndGlobalSection
EndGlobal
