
Microsoft Visual Studio Solution File, Format Version 12.00
# Visual Studio 2015
Project("{FAE04EC0-301F-11D3-BF4B-00C04F79EFBC}") = "NomeProJect(17.01.26) 공격 적용", "NomeProJect(17.01.26) 공격 적용.csproj", "{BF16005B-5E3F-F712-47EA-F5CF591507B9}"
EndProject
Project("{FAE04EC0-301F-11D3-BF4B-00C04F79EFBC}") = "NomeProJect(17.01.26) 공격 적용.Editor", "NomeProJect(17.01.26) 공격 적용.Editor.csproj", "{EF305FBA-0036-FDD5-8E77-9913CD891DA1}"
EndProject
Global
	GlobalSection(SolutionConfigurationPlatforms) = preSolution
		Debug|Any CPU = Debug|Any CPU
		Release|Any CPU = Release|Any CPU
	EndGlobalSection
	GlobalSection(ProjectConfigurationPlatforms) = postSolution
		{BF16005B-5E3F-F712-47EA-F5CF591507B9}.Debug|Any CPU.ActiveCfg = Debug|Any CPU
		{BF16005B-5E3F-F712-47EA-F5CF591507B9}.Debug|Any CPU.Build.0 = Debug|Any CPU
		{BF16005B-5E3F-F712-47EA-F5CF591507B9}.Release|Any CPU.ActiveCfg = Release|Any CPU
		{BF16005B-5E3F-F712-47EA-F5CF591507B9}.Release|Any CPU.Build.0 = Release|Any CPU
		{EF305FBA-0036-FDD5-8E77-9913CD891DA1}.Debug|Any CPU.ActiveCfg = Debug|Any CPU
		{EF305FBA-0036-FDD5-8E77-9913CD891DA1}.Debug|Any CPU.Build.0 = Debug|Any CPU
		{EF305FBA-0036-FDD5-8E77-9913CD891DA1}.Release|Any CPU.ActiveCfg = Release|Any CPU
		{EF305FBA-0036-FDD5-8E77-9913CD891DA1}.Release|Any CPU.Build.0 = Release|Any CPU
	EndGlobalSection
	GlobalSection(SolutionProperties) = preSolution
		HideSolutionNode = FALSE
	EndGlobalSection
EndGlobal
